# This file is autogenerated, do not edit; changes may be undone by the next 'dep ensure'.


[[projects]]
  digest = "1:e921c3d4324ffdcb4fd39d5f47a832f2112d44731a5f21d8ae0ccfe82e608711"
  name = "github.com/daviddengcn/go-colortext"
  packages = ["."]
  pruneopts = "UT"
  revision = "17e75f6184bc9e727756cd0d82e0af58b1fc7191"
  version = "1.0.0"

[[projects]]
  digest = "1:0b98586be892040d424cdd4fb7e047f71ddfcdbfca59f975a4b4eb14b56ae33c"
  name = "github.com/gizak/termui"
  packages = ["."]
  pruneopts = "UT"
  revision = "24acd523c756fd9728824cdfac66aad9d8982fb7"
  version = "v2.2.0"

[[projects]]
  branch = "master"
  digest = "1:2eeeebccad4f052e6037527e86b8114c6bfd184a97f84d4449a5ea6ad202c216"
  name = "github.com/maruel/panicparse"
  packages = ["stack"]
  pruneopts = "UT"
  revision = "f20d4c4d746f810c9110e21928d4135e1f2a3efa"

[[projects]]
  digest = "1:cdb899c199f907ac9fb50495ec71212c95cb5b0e0a8ee0800da0238036091033"
  name = "github.com/mattn/go-runewidth"
  packages = ["."]
  pruneopts = "UT"
  revision = "ce7b0b5c7b45a81508558cd1dba6bb1e4ddb51bb"
  version = "v0.0.3"

[[projects]]
  branch = "master"
  digest = "1:abf08734a6527df70ed361d7c369fb580e6840d8f7a6012e5f609fdfd93b4e48"
  name = "github.com/mitchellh/go-wordwrap"
  packages = ["."]
  pruneopts = "UT"
  revision = "9e67c67572bc5dd02aef930e2b0ae3c02a4b5a5c"

[[projects]]
  branch = "master"
  digest = "1:01d9e47830ef6077fb6f91033b0e83f324ad5966d11ed3daa4a5822ace876dab"
  name = "github.com/nsf/termbox-go"
  packages = ["."]
  pruneopts = "UT"
  revision = "60ab7e3d12ed91bc1b2486559c4b3a6b62297577"

[[projects]]
  branch = "master"
  digest = "1:39853e1ae46a02816e2419e1f590e00682b1a6b60bb988597cf2efb84314da45"
  name = "github.com/skratchdot/open-golang"
  packages = ["open"]
  pruneopts = "UT"
  revision = "75fb7ed4208cf72d323d7d02fd1a5964a7a9073c"

[solve-meta]
  analyzer-name = "dep"
  analyzer-version = 1
  input-imports = [
    "github.com/daviddengcn/go-colortext",
    "github.com/gizak/termui",
    "github.com/skratchdot/open-golang/open",
  ]
  solver-name = "gps-cdcl"
  solver-version = 1
