# This file is autogenerated, do not edit; changes may be undone by the next 'dep ensure'.


[[projects]]
  digest = "1:6ba6d8f52a0ea509e0073b27b13858a7f396382f6eab5f97f7570eb49f3ba165"
  name = "github.com/cjbassi/drawille-go"
  packages = ["."]
  pruneopts = "UT"
  revision = "27dc511fe6fd820bf8537298e1d447b450210b28"
  version = "v0.1.0"

[[projects]]
  digest = "1:e921c3d4324ffdcb4fd39d5f47a832f2112d44731a5f21d8ae0ccfe82e608711"
  name = "github.com/daviddengcn/go-colortext"
  packages = ["."]
  pruneopts = "UT"
  revision = "17e75f6184bc9e727756cd0d82e0af58b1fc7191"
  version = "1.0.0"

[[projects]]
  branch = "master"
  digest = "1:4755bc7ea1dda85b7df39307add4dad69e197143e46fd6aace548ce42ce1ce2e"
  name = "github.com/hawklithm/termui"
  packages = [
    ".",
    "widgets",
  ]
  pruneopts = "UT"
  revision = "0c7fe4e2da631275b47b83f8c86cda8ee6cf48d0"

[[projects]]
  digest = "1:0356f3312c9bd1cbeda81505b7fd437501d8e778ab66998ef69f00d7f9b3a0d7"
  name = "github.com/mattn/go-runewidth"
  packages = ["."]
  pruneopts = "UT"
  revision = "3ee7d812e62a0804a7d0a324e0249ca2db3476d3"
  version = "v0.0.4"

[[projects]]
  digest = "1:abf08734a6527df70ed361d7c369fb580e6840d8f7a6012e5f609fdfd93b4e48"
  name = "github.com/mitchellh/go-wordwrap"
  packages = ["."]
  pruneopts = "UT"
  revision = "9e67c67572bc5dd02aef930e2b0ae3c02a4b5a5c"
  version = "v1.0.0"

[[projects]]
  branch = "master"
  digest = "1:e4f1b6b3c33388b1f6f3d630280d9b0870c1e2f80379dfd2f89dd06425e9e6b9"
  name = "github.com/nsf/termbox-go"
  packages = ["."]
  pruneopts = "UT"
  revision = "288510b9734e30e7966ec2f22b87c5f8e67345e3"

[[projects]]
  branch = "master"
  digest = "1:519621a373ae7d96a16415a6356d7b97722ed3a292f73409b361b7c0322971e3"
  name = "github.com/skratchdot/open-golang"
  packages = ["open"]
  pruneopts = "UT"
  revision = "79abb63cd66e41cb1473e26d11ebdcd68b04c8e5"

[solve-meta]
  analyzer-name = "dep"
  analyzer-version = 1
  input-imports = [
    "github.com/daviddengcn/go-colortext",
    "github.com/hawklithm/termui",
    "github.com/hawklithm/termui/widgets",
    "github.com/skratchdot/open-golang/open",
  ]
  solver-name = "gps-cdcl"
  solver-version = 1
